// !$*UTF8*$!
{
	archiveVersion = 1;
	classes = {
	};
	objectVersion = 56;
	objects = {

/* Begin PBXBuildFile section */
		6352E17B29DE85D40026074F /* BestsellersManager.swift in Sources */ = {isa = PBXBuildFile; fileRef = 6352E17A29DE85D40026074F /* BestsellersManager.swift */; };
		6352E17D29DFDA530026074F /* BestsellersData.swift in Sources */ = {isa = PBXBuildFile; fileRef = 6352E17C29DFDA530026074F /* BestsellersData.swift */; };
		6386707229E6741800C5D45B /* Montserrat-Light.ttf in Resources */ = {isa = PBXBuildFile; fileRef = 6386707129E6741800C5D45B /* Montserrat-Light.ttf */; };
		6386707429E6742400C5D45B /* Montserrat-Regular.ttf in Resources */ = {isa = PBXBuildFile; fileRef = 6386707329E6742400C5D45B /* Montserrat-Regular.ttf */; };
		6386707629E6752300C5D45B /* Montserrat-ExtraLight.ttf in Resources */ = {isa = PBXBuildFile; fileRef = 6386707529E6752300C5D45B /* Montserrat-ExtraLight.ttf */; };
		6386707829E6753300C5D45B /* Montserrat-Thin.ttf in Resources */ = {isa = PBXBuildFile; fileRef = 6386707729E6753300C5D45B /* Montserrat-Thin.ttf */; };
		63AC855629D61B7A00874E1C /* BookWormApp.swift in Sources */ = {isa = PBXBuildFile; fileRef = 63AC855529D61B7A00874E1C /* BookWormApp.swift */; };
		63AC855829D61B7A00874E1C /* ContentView.swift in Sources */ = {isa = PBXBuildFile; fileRef = 63AC855729D61B7A00874E1C /* ContentView.swift */; };
		63AC855A29D61B7C00874E1C /* Assets.xcassets in Resources */ = {isa = PBXBuildFile; fileRef = 63AC855929D61B7C00874E1C /* Assets.xcassets */; };
		63AC855D29D61B7C00874E1C /* Preview Assets.xcassets in Resources */ = {isa = PBXBuildFile; fileRef = 63AC855C29D61B7C00874E1C /* Preview Assets.xcassets */; };
/* End PBXBuildFile section */

/* Begin PBXFileReference section */
		6352E17A29DE85D40026074F /* BestsellersManager.swift */ = {isa = PBXFileReference; lastKnownFileType = sourcecode.swift; path = BestsellersManager.swift; sourceTree = "<group>"; };
		6352E17C29DFDA530026074F /* BestsellersData.swift */ = {isa = PBXFileReference; lastKnownFileType = sourcecode.swift; path = BestsellersData.swift; sourceTree = "<group>"; };
		6386707129E6741800C5D45B /* Montserrat-Light.ttf */ = {isa = PBXFileReference; lastKnownFileType = file; path = "Montserrat-Light.ttf"; sourceTree = "<group>"; };
		6386707329E6742400C5D45B /* Montserrat-Regular.ttf */ = {isa = PBXFileReference; lastKnownFileType = file; path = "Montserrat-Regular.ttf"; sourceTree = "<group>"; };
		6386707529E6752300C5D45B /* Montserrat-ExtraLight.ttf */ = {isa = PBXFileReference; lastKnownFileType = file; path = "Montserrat-ExtraLight.ttf"; sourceTree = "<group>"; };
		6386707729E6753300C5D45B /* Montserrat-Thin.ttf */ = {isa = PBXFileReference; lastKnownFileType = file; path = "Montserrat-Thin.ttf"; sourceTree = "<group>"; };
		63AC855229D61B7A00874E1C /* BookWorm.app */ = {isa = PBXFileReference; explicitFileType = wrapper.application; includeInIndex = 0; path = BookWorm.app; sourceTree = BUILT_PRODUCTS_DIR; };
		63AC855529D61B7A00874E1C /* BookWormApp.swift */ = {isa = PBXFileReference; lastKnownFileType = sourcecode.swift; path = BookWormApp.swift; sourceTree = "<group>"; };
		63AC855729D61B7A00874E1C /* ContentView.swift */ = {isa = PBXFileReference; lastKnownFileType = sourcecode.swift; path = ContentView.swift; sourceTree = "<group>"; };
		63AC855929D61B7C00874E1C /* Assets.xcassets */ = {isa = PBXFileReference; lastKnownFileType = folder.assetcatalog; path = Assets.xcassets; sourceTree = "<group>"; };
		63AC855C29D61B7C00874E1C /* Preview Assets.xcassets */ = {isa = PBXFileReference; lastKnownFileType = folder.assetcatalog; path = "Preview Assets.xcassets"; sourceTree = "<group>"; };
		63AC856529D623C100874E1C /* Info.plist */ = {isa = PBXFileReference; lastKnownFileType = text.plist; path = Info.plist; sourceTree = "<group>"; };
/* End PBXFileReference section */

/* Begin PBXFrameworksBuildPhase section */
		63AC854F29D61B7A00874E1C /* Frameworks */ = {
			isa = PBXFrameworksBuildPhase;
			buildActionMask = 2147483647;
			files = (
			);
			runOnlyForDeploymentPostprocessing = 0;
		};
/* End PBXFrameworksBuildPhase section */

/* Begin PBXGroup section */
		6352E17829DE857D0026074F /* Model */ = {
			isa = PBXGroup;
			children = (
				6352E17A29DE85D40026074F /* BestsellersManager.swift */,
				6352E17C29DFDA530026074F /* BestsellersData.swift */,
			);
			path = Model;
			sourceTree = "<group>";
		};
		6352E17929DE858C0026074F /* Views */ = {
			isa = PBXGroup;
			children = (
				63AC855729D61B7A00874E1C /* ContentView.swift */,
			);
			path = Views;
			sourceTree = "<group>";
		};
		63AC854929D61B7A00874E1C = {
			isa = PBXGroup;
			children = (
				63AC855429D61B7A00874E1C /* BookWorm */,
				63AC855329D61B7A00874E1C /* Products */,
			);
			sourceTree = "<group>";
		};
		63AC855329D61B7A00874E1C /* Products */ = {
			isa = PBXGroup;
			children = (
				63AC855229D61B7A00874E1C /* BookWorm.app */,
			);
			name = Products;
			sourceTree = "<group>";
		};
		63AC855429D61B7A00874E1C /* BookWorm */ = {
			isa = PBXGroup;
			children = (
				63AC856529D623C100874E1C /* Info.plist */,
				63AC855529D61B7A00874E1C /* BookWormApp.swift */,
				6352E17929DE858C0026074F /* Views */,
				6352E17829DE857D0026074F /* Model */,
				63AC855929D61B7C00874E1C /* Assets.xcassets */,
				63AC856329D6225B00874E1C /* Font */,
				63AC855B29D61B7C00874E1C /* Preview Content */,
			);
			path = BookWorm;
			sourceTree = "<group>";
		};
		63AC855B29D61B7C00874E1C /* Preview Content */ = {
			isa = PBXGroup;
			children = (
				63AC855C29D61B7C00874E1C /* Preview Assets.xcassets */,
			);
			path = "Preview Content";
			sourceTree = "<group>";
		};
		63AC856329D6225B00874E1C /* Font */ = {
			isa = PBXGroup;
			children = (
				6386707729E6753300C5D45B /* Montserrat-Thin.ttf */,
				6386707529E6752300C5D45B /* Montserrat-ExtraLight.ttf */,
				6386707129E6741800C5D45B /* Montserrat-Light.ttf */,
				6386707329E6742400C5D45B /* Montserrat-Regular.ttf */,
			);
			path = Font;
			sourceTree = "<group>";
		};
/* End PBXGroup section */

/* Begin PBXNativeTarget section */
		63AC855129D61B7A00874E1C /* BookWorm */ = {
			isa = PBXNativeTarget;
			buildConfigurationList = 63AC856029D61B7C00874E1C /* Build configuration list for PBXNativeTarget "BookWorm" */;
			buildPhases = (
				63AC854E29D61B7A00874E1C /* Sources */,
				63AC854F29D61B7A00874E1C /* Frameworks */,
				63AC855029D61B7A00874E1C /* Resources */,
			);
			buildRules = (
			);
			dependencies = (
			);
			name = BookWorm;
			productName = BookWorm;
			productReference = 63AC855229D61B7A00874E1C /* BookWorm.app */;
			productType = "com.apple.product-type.application";
		};
/* End PBXNativeTarget section */

/* Begin PBXProject section */
		63AC854A29D61B7A00874E1C /* Project object */ = {
			isa = PBXProject;
			attributes = {
				BuildIndependentTargetsInParallel = 1;
				LastSwiftUpdateCheck = 1420;
				LastUpgradeCheck = 1420;
				TargetAttributes = {
					63AC855129D61B7A00874E1C = {
						CreatedOnToolsVersion = 14.2;
					};
				};
			};
			buildConfigurationList = 63AC854D29D61B7A00874E1C /* Build configuration list for PBXProject "BookWorm" */;
			compatibilityVersion = "Xcode 14.0";
			developmentRegion = en;
			hasScannedForEncodings = 0;
			knownRegions = (
				en,
				Base,
			);
			mainGroup = 63AC854929D61B7A00874E1C;
			productRefGroup = 63AC855329D61B7A00874E1C /* Products */;
			projectDirPath = "";
			projectRoot = "";
			targets = (
				63AC855129D61B7A00874E1C /* BookWorm */,
			);
		};
/* End PBXProject section */

/* Begin PBXResourcesBuildPhase section */
		63AC855029D61B7A00874E1C /* Resources */ = {
			isa = PBXResourcesBuildPhase;
			buildActionMask = 2147483647;
			files = (
				6386707429E6742400C5D45B /* Montserrat-Regular.ttf in Resources */,
				6386707229E6741800C5D45B /* Montserrat-Light.ttf in Resources */,
				63AC855D29D61B7C00874E1C /* Preview Assets.xcassets in Resources */,
				6386707629E6752300C5D45B /* Montserrat-ExtraLight.ttf in Resources */,
				6386707829E6753300C5D45B /* Montserrat-Thin.ttf in Resources */,
				63AC855A29D61B7C00874E1C /* Assets.xcassets in Resources */,
			);
			runOnlyForDeploymentPostprocessing = 0;
		};
/* End PBXResourcesBuildPhase section */

/* Begin PBXSourcesBuildPhase section */
		63AC854E29D61B7A00874E1C /* Sources */ = {
			isa = PBXSourcesBuildPhase;
			buildActionMask = 2147483647;
			files = (
				63AC855829D61B7A00874E1C /* ContentView.swift in Sources */,
				63AC855629D61B7A00874E1C /* BookWormApp.swift in Sources */,
				6352E17D29DFDA530026074F /* BestsellersData.swift in Sources */,
				6352E17B29DE85D40026074F /* BestsellersManager.swift in Sources */,
			);
			runOnlyForDeploymentPostprocessing = 0;
		};
/* End PBXSourcesBuildPhase section */

/* Begin XCBuildConfiguration section */
		63AC855E29D61B7C00874E1C /* Debug */ = {
			isa = XCBuildConfiguration;
			buildSettings = {
				ALWAYS_SEARCH_USER_PATHS = NO;
				CLANG_ANALYZER_NONNULL = YES;
				CLANG_ANALYZER_NUMBER_OBJECT_CONVERSION = YES_AGGRESSIVE;
				CLANG_CXX_LANGUAGE_STANDARD = "gnu++20";
				CLANG_ENABLE_MODULES = YES;
				CLANG_ENABLE_OBJC_ARC = YES;
				CLANG_ENABLE_OBJC_WEAK = YES;
				CLANG_WARN_BLOCK_CAPTURE_AUTORELEASING = YES;
				CLANG_WARN_BOOL_CONVERSION = YES;
				CLANG_WARN_COMMA = YES;
				CLANG_WARN_CONSTANT_CONVERSION = YES;
				CLANG_WARN_DEPRECATED_OBJC_IMPLEMENTATIONS = YES;
				CLANG_WARN_DIRECT_OBJC_ISA_USAGE = YES_ERROR;
				CLANG_WARN_DOCUMENTATION_COMMENTS = YES;
				CLANG_WARN_EMPTY_BODY = YES;
				CLANG_WARN_ENUM_CONVERSION = YES;
				CLANG_WARN_INFINITE_RECURSION = YES;
				CLANG_WARN_INT_CONVERSION = YES;
				CLANG_WARN_NON_LITERAL_NULL_CONVERSION = YES;
				CLANG_WARN_OBJC_IMPLICIT_RETAIN_SELF = YES;
				CLANG_WARN_OBJC_LITERAL_CONVERSION = YES;
				CLANG_WARN_OBJC_ROOT_CLASS = YES_ERROR;
				CLANG_WARN_QUOTED_INCLUDE_IN_FRAMEWORK_HEADER = YES;
				CLANG_WARN_RANGE_LOOP_ANALYSIS = YES;
				CLANG_WARN_STRICT_PROTOTYPES = YES;
				CLANG_WARN_SUSPICIOUS_MOVE = YES;
				CLANG_WARN_UNGUARDED_AVAILABILITY = YES_AGGRESSIVE;
				CLANG_WARN_UNREACHABLE_CODE = YES;
				CLANG_WARN__DUPLICATE_METHOD_MATCH = YES;
				COPY_PHASE_STRIP = NO;
				DEBUG_INFORMATION_FORMAT = dwarf;
				ENABLE_STRICT_OBJC_MSGSEND = YES;
				ENABLE_TESTABILITY = YES;
				GCC_C_LANGUAGE_STANDARD = gnu11;
				GCC_DYNAMIC_NO_PIC = NO;
				GCC_NO_COMMON_BLOCKS = YES;
				GCC_OPTIMIZATION_LEVEL = 0;
				GCC_PREPROCESSOR_DEFINITIONS = (
					"DEBUG=1",
					"$(inherited)",
				);
				GCC_WARN_64_TO_32_BIT_CONVERSION = YES;
				GCC_WARN_ABOUT_RETURN_TYPE = YES_ERROR;
				GCC_WARN_UNDECLARED_SELECTOR = YES;
				GCC_WARN_UNINITIALIZED_AUTOS = YES_AGGRESSIVE;
				GCC_WARN_UNUSED_FUNCTION = YES;
				GCC_WARN_UNUSED_VARIABLE = YES;
				IPHONEOS_DEPLOYMENT_TARGET = 16.2;
				MTL_ENABLE_DEBUG_INFO = INCLUDE_SOURCE;
				MTL_FAST_MATH = YES;
				ONLY_ACTIVE_ARCH = YES;
				SDKROOT = iphoneos;
				SWIFT_ACTIVE_COMPILATION_CONDITIONS = DEBUG;
				SWIFT_OPTIMIZATION_LEVEL = "-Onone";
			};
			name = Debug;
		};
		63AC855F29D61B7C00874E1C /* Release */ = {
			isa = XCBuildConfiguration;
			buildSettings = {
				ALWAYS_SEARCH_USER_PATHS = NO;
				CLANG_ANALYZER_NONNULL = YES;
				CLANG_ANALYZER_NUMBER_OBJECT_CONVERSION = YES_AGGRESSIVE;
				CLANG_CXX_LANGUAGE_STANDARD = "gnu++20";
				CLANG_ENABLE_MODULES = YES;
				CLANG_ENABLE_OBJC_ARC = YES;
				CLANG_ENABLE_OBJC_WEAK = YES;
				CLANG_WARN_BLOCK_CAPTURE_AUTORELEASING = YES;
				CLANG_WARN_BOOL_CONVERSION = YES;
				CLANG_WARN_COMMA = YES;
				CLANG_WARN_CONSTANT_CONVERSION = YES;
				CLANG_WARN_DEPRECATED_OBJC_IMPLEMENTATIONS = YES;
				CLANG_WARN_DIRECT_OBJC_ISA_USAGE = YES_ERROR;
				CLANG_WARN_DOCUMENTATION_COMMENTS = YES;
				CLANG_WARN_EMPTY_BODY = YES;
				CLANG_WARN_ENUM_CONVERSION = YES;
				CLANG_WARN_INFINITE_RECURSION = YES;
				CLANG_WARN_INT_CONVERSION = YES;
				CLANG_WARN_NON_LITERAL_NULL_CONVERSION = YES;
				CLANG_WARN_OBJC_IMPLICIT_RETAIN_SELF = YES;
				CLANG_WARN_OBJC_LITERAL_CONVERSION = YES;
				CLANG_WARN_OBJC_ROOT_CLASS = YES_ERROR;
				CLANG_WARN_QUOTED_INCLUDE_IN_FRAMEWORK_HEADER = YES;
				CLANG_WARN_RANGE_LOOP_ANALYSIS = YES;
				CLANG_WARN_STRICT_PROTOTYPES = YES;
				CLANG_WARN_SUSPICIOUS_MOVE = YES;
				CLANG_WARN_UNGUARDED_AVAILABILITY = YES_AGGRESSIVE;
				CLANG_WARN_UNREACHABLE_CODE = YES;
				CLANG_WARN__DUPLICATE_METHOD_MATCH = YES;
				COPY_PHASE_STRIP = NO;
				DEBUG_INFORMATION_FORMAT = "dwarf-with-dsym";
				ENABLE_NS_ASSERTIONS = NO;
				ENABLE_STRICT_OBJC_MSGSEND = YES;
				GCC_C_LANGUAGE_STANDARD = gnu11;
				GCC_NO_COMMON_BLOCKS = YES;
				GCC_WARN_64_TO_32_BIT_CONVERSION = YES;
				GCC_WARN_ABOUT_RETURN_TYPE = YES_ERROR;
				GCC_WARN_UNDECLARED_SELECTOR = YES;
				GCC_WARN_UNINITIALIZED_AUTOS = YES_AGGRESSIVE;
				GCC_WARN_UNUSED_FUNCTION = YES;
				GCC_WARN_UNUSED_VARIABLE = YES;
				IPHONEOS_DEPLOYMENT_TARGET = 16.2;
				MTL_ENABLE_DEBUG_INFO = NO;
				MTL_FAST_MATH = YES;
				SDKROOT = iphoneos;
				SWIFT_COMPILATION_MODE = wholemodule;
				SWIFT_OPTIMIZATION_LEVEL = "-O";
				VALIDATE_PRODUCT = YES;
			};
			name = Release;
		};
		63AC856129D61B7C00874E1C /* Debug */ = {
			isa = XCBuildConfiguration;
			buildSettings = {
				ASSETCATALOG_COMPILER_APPICON_NAME = AppIcon;
				ASSETCATALOG_COMPILER_GLOBAL_ACCENT_COLOR_NAME = AccentColor;
				CODE_SIGN_STYLE = Automatic;
				CURRENT_PROJECT_VERSION = 1;
				DEVELOPMENT_ASSET_PATHS = "\"BookWorm/Preview Content\"";
				DEVELOPMENT_TEAM = H24Q767P7R;
				ENABLE_PREVIEWS = YES;
				GENERATE_INFOPLIST_FILE = YES;
				INFOPLIST_FILE = BookWorm/Info.plist;
				INFOPLIST_KEY_UIApplicationSceneManifest_Generation = YES;
				INFOPLIST_KEY_UIApplicationSupportsIndirectInputEvents = YES;
				INFOPLIST_KEY_UISupportedInterfaceOrientations_iPad = "UIInterfaceOrientationPortrait UIInterfaceOrientationPortraitUpsideDown UIInterfaceOrientationLandscapeLeft UIInterfaceOrientationLandscapeRight";
				INFOPLIST_KEY_UISupportedInterfaceOrientations_iPhone = "UIInterfaceOrientationPortrait UIInterfaceOrientationLandscapeLeft UIInterfaceOrientationLandscapeRight";
				LD_RUNPATH_SEARCH_PATHS = (
					"$(inherited)",
					"@executable_path/Frameworks",
				);
				MARKETING_VERSION = 1.0;
				PRODUCT_BUNDLE_IDENTIFIER = olga.krolikowska.BookWorm;
				PRODUCT_NAME = "$(TARGET_NAME)";
				SWIFT_EMIT_LOC_STRINGS = YES;
				SWIFT_VERSION = 5.0;
				TARGETED_DEVICE_FAMILY = "1,2";
			};
			name = Debug;
		};
		63AC856229D61B7C00874E1C /* Release */ = {
			isa = XCBuildConfiguration;
			buildSettings = {
				ASSETCATALOG_COMPILER_APPICON_NAME = AppIcon;
				ASSETCATALOG_COMPILER_GLOBAL_ACCENT_COLOR_NAME = AccentColor;
				CODE_SIGN_STYLE = Automatic;
				CURRENT_PROJECT_VERSION = 1;
				DEVELOPMENT_ASSET_PATHS = "\"BookWorm/Preview Content\"";
				DEVELOPMENT_TEAM = H24Q767P7R;
				ENABLE_PREVIEWS = YES;
				GENERATE_INFOPLIST_FILE = YES;
				INFOPLIST_FILE = BookWorm/Info.plist;
				INFOPLIST_KEY_UIApplicationSceneManifest_Generation = YES;
				INFOPLIST_KEY_UIApplicationSupportsIndirectInputEvents = YES;
				INFOPLIST_KEY_UISupportedInterfaceOrientations_iPad = "UIInterfaceOrientationPortrait UIInterfaceOrientationPortraitUpsideDown UIInterfaceOrientationLandscapeLeft UIInterfaceOrientationLandscapeRight";
				INFOPLIST_KEY_UISupportedInterfaceOrientations_iPhone = "UIInterfaceOrientationPortrait UIInterfaceOrientationLandscapeLeft UIInterfaceOrientationLandscapeRight";
				LD_RUNPATH_SEARCH_PATHS = (
					"$(inherited)",
					"@executable_path/Frameworks",
				);
				MARKETING_VERSION = 1.0;
				PRODUCT_BUNDLE_IDENTIFIER = olga.krolikowska.BookWorm;
				PRODUCT_NAME = "$(TARGET_NAME)";
				SWIFT_EMIT_LOC_STRINGS = YES;
				SWIFT_VERSION = 5.0;
				TARGETED_DEVICE_FAMILY = "1,2";
			};
			name = Release;
		};
/* End XCBuildConfiguration section */

/* Begin XCConfigurationList section */
		63AC854D29D61B7A00874E1C /* Build configuration list for PBXProject "BookWorm" */ = {
			isa = XCConfigurationList;
			buildConfigurations = (
				63AC855E29D61B7C00874E1C /* Debug */,
				63AC855F29D61B7C00874E1C /* Release */,
			);
			defaultConfigurationIsVisible = 0;
			defaultConfigurationName = Release;
		};
		63AC856029D61B7C00874E1C /* Build configuration list for PBXNativeTarget "BookWorm" */ = {
			isa = XCConfigurationList;
			buildConfigurations = (
				63AC856129D61B7C00874E1C /* Debug */,
				63AC856229D61B7C00874E1C /* Release */,
			);
			defaultConfigurationIsVisible = 0;
			defaultConfigurationName = Release;
		};
/* End XCConfigurationList section */
	};
	rootObject = 63AC854A29D61B7A00874E1C /* Project object */;
}
